
Microsoft Visual Studio Solution File, Format Version 12.00
# Visual Studio 14
VisualStudioVersion = 14.0.25420.1
MinimumVisualStudioVersion = 10.0.40219.1
Project("{FAE04EC0-301F-11D3-BF4B-00C04F79EFBC}") = "TeduShop.Common", "TeduShop.Common\TeduShop.Common.csproj", "{DFF574A6-8D68-460C-B70F-0B9527913570}"
EndProject
Project("{FAE04EC0-301F-11D3-BF4B-00C04F79EFBC}") = "TeduShop.Model", "TeduShop.Model\TeduShop.Model.csproj", "{CBA5A28E-FE98-4625-9B3B-8FA1E3F6DBF7}"
EndProject
Project("{FAE04EC0-301F-11D3-BF4B-00C04F79EFBC}") = "TeduShop.Data", "TeduShop.Data\TeduShop.Data.csproj", "{35347DA5-148E-4245-8896-7AA48434DA54}"
EndProject
Project("{FAE04EC0-301F-11D3-BF4B-00C04F79EFBC}") = "TeduShop.Service", "TeduShop.Service\TeduShop.Service.csproj", "{DF26C138-311D-4224-BEB3-88C9DD4A4870}"
EndProject
Project("{FAE04EC0-301F-11D3-BF4B-00C04F79EFBC}") = "TeduShop.Unitest", "TeduShop.Unitest\TeduShop.Unitest.csproj", "{7C992570-73C9-4547-BBE8-17D38EC62ACF}"
EndProject
Project("{FAE04EC0-301F-11D3-BF4B-00C04F79EFBC}") = "TeduShop.Web", "TeduShop.Web\TeduShop.Web.csproj", "{51809491-4C0F-47CE-9CBF-ABA143579C43}"
EndProject
Global
	GlobalSection(SolutionConfigurationPlatforms) = preSolution
		Debug|Any CPU = Debug|Any CPU
		Release|Any CPU = Release|Any CPU
	EndGlobalSection
	GlobalSection(ProjectConfigurationPlatforms) = postSolution
		{DFF574A6-8D68-460C-B70F-0B9527913570}.Debug|Any CPU.ActiveCfg = Debug|Any CPU
		{DFF574A6-8D68-460C-B70F-0B9527913570}.Debug|Any CPU.Build.0 = Debug|Any CPU
		{DFF574A6-8D68-460C-B70F-0B9527913570}.Release|Any CPU.ActiveCfg = Release|Any CPU
		{DFF574A6-8D68-460C-B70F-0B9527913570}.Release|Any CPU.Build.0 = Release|Any CPU
		{CBA5A28E-FE98-4625-9B3B-8FA1E3F6DBF7}.Debug|Any CPU.ActiveCfg = Debug|Any CPU
		{CBA5A28E-FE98-4625-9B3B-8FA1E3F6DBF7}.Debug|Any CPU.Build.0 = Debug|Any CPU
		{CBA5A28E-FE98-4625-9B3B-8FA1E3F6DBF7}.Release|Any CPU.ActiveCfg = Release|Any CPU
		{CBA5A28E-FE98-4625-9B3B-8FA1E3F6DBF7}.Release|Any CPU.Build.0 = Release|Any CPU
		{35347DA5-148E-4245-8896-7AA48434DA54}.Debug|Any CPU.ActiveCfg = Debug|Any CPU
		{35347DA5-148E-4245-8896-7AA48434DA54}.Debug|Any CPU.Build.0 = Debug|Any CPU
		{35347DA5-148E-4245-8896-7AA48434DA54}.Release|Any CPU.ActiveCfg = Release|Any CPU
		{35347DA5-148E-4245-8896-7AA48434DA54}.Release|Any CPU.Build.0 = Release|Any CPU
		{DF26C138-311D-4224-BEB3-88C9DD4A4870}.Debug|Any CPU.ActiveCfg = Debug|Any CPU
		{DF26C138-311D-4224-BEB3-88C9DD4A4870}.Debug|Any CPU.Build.0 = Debug|Any CPU
		{DF26C138-311D-4224-BEB3-88C9DD4A4870}.Release|Any CPU.ActiveCfg = Release|Any CPU
		{DF26C138-311D-4224-BEB3-88C9DD4A4870}.Release|Any CPU.Build.0 = Release|Any CPU
		{7C992570-73C9-4547-BBE8-17D38EC62ACF}.Debug|Any CPU.ActiveCfg = Debug|Any CPU
		{7C992570-73C9-4547-BBE8-17D38EC62ACF}.Debug|Any CPU.Build.0 = Debug|Any CPU
		{7C992570-73C9-4547-BBE8-17D38EC62ACF}.Release|Any CPU.ActiveCfg = Release|Any CPU
		{7C992570-73C9-4547-BBE8-17D38EC62ACF}.Release|Any CPU.Build.0 = Release|Any CPU
		{51809491-4C0F-47CE-9CBF-ABA143579C43}.Debug|Any CPU.ActiveCfg = Debug|Any CPU
		{51809491-4C0F-47CE-9CBF-ABA143579C43}.Debug|Any CPU.Build.0 = Debug|Any CPU
		{51809491-4C0F-47CE-9CBF-ABA143579C43}.Release|Any CPU.ActiveCfg = Release|Any CPU
		{51809491-4C0F-47CE-9CBF-ABA143579C43}.Release|Any CPU.Build.0 = Release|Any CPU
	EndGlobalSection
	GlobalSection(SolutionProperties) = preSolution
		HideSolutionNode = FALSE
	EndGlobalSection
EndGlobal
